// !$*UTF8*$!
{
	archiveVersion = 1;
	classes = {
	};
	objectVersion = 50;
	objects = {

/* Begin PBXBuildFile section */
		CDB82A5823093F76002862F1 /* AppDelegate.m in Sources */ = {isa = PBXBuildFile; fileRef = CDB82A5723093F76002862F1 /* AppDelegate.m */; };
		CDB82A5B23093F76002862F1 /* ViewController.m in Sources */ = {isa = PBXBuildFile; fileRef = CDB82A5A23093F76002862F1 /* ViewController.m */; };
		CDB82A5E23093F76002862F1 /* Main.storyboard in Resources */ = {isa = PBXBuildFile; fileRef = CDB82A5C23093F76002862F1 /* Main.storyboard */; };
		CDB82A6023093F77002862F1 /* Assets.xcassets in Resources */ = {isa = PBXBuildFile; fileRef = CDB82A5F23093F77002862F1 /* Assets.xcassets */; };
		CDB82A6323093F77002862F1 /* LaunchScreen.storyboard in Resources */ = {isa = PBXBuildFile; fileRef = CDB82A6123093F77002862F1 /* LaunchScreen.storyboard */; };
		CDB82A6623093F77002862F1 /* main.m in Sources */ = {isa = PBXBuildFile; fileRef = CDB82A6523093F77002862F1 /* main.m */; };
		CDB82A6E23094078002862F1 /* GPUView.m in Sources */ = {isa = PBXBuildFile; fileRef = CDB82A6D23094078002862F1 /* GPUView.m */; };
/* End PBXBuildFile section */

/* Begin PBXFileReference section */
		CDB82A5323093F76002862F1 /* TestGPU_View.app */ = {isa = PBXFileReference; explicitFileType = wrapper.application; includeInIndex = 0; path = TestGPU_View.app; sourceTree = BUILT_PRODUCTS_DIR; };
		CDB82A5623093F76002862F1 /* AppDelegate.h */ = {isa = PBXFileReference; lastKnownFileType = sourcecode.c.h; path = AppDelegate.h; sourceTree = "<group>"; };
		CDB82A5723093F76002862F1 /* AppDelegate.m */ = {isa = PBXFileReference; lastKnownFileType = sourcecode.c.objc; path = AppDelegate.m; sourceTree = "<group>"; };
		CDB82A5923093F76002862F1 /* ViewController.h */ = {isa = PBXFileReference; lastKnownFileType = sourcecode.c.h; path = ViewController.h; sourceTree = "<group>"; };
		CDB82A5A23093F76002862F1 /* ViewController.m */ = {isa = PBXFileReference; lastKnownFileType = sourcecode.c.objc; path = ViewController.m; sourceTree = "<group>"; };
		CDB82A5D23093F76002862F1 /* Base */ = {isa = PBXFileReference; lastKnownFileType = file.storyboard; name = Base; path = Base.lproj/Main.storyboard; sourceTree = "<group>"; };
		CDB82A5F23093F77002862F1 /* Assets.xcassets */ = {isa = PBXFileReference; lastKnownFileType = folder.assetcatalog; path = Assets.xcassets; sourceTree = "<group>"; };
		CDB82A6223093F77002862F1 /* Base */ = {isa = PBXFileReference; lastKnownFileType = file.storyboard; name = Base; path = Base.lproj/LaunchScreen.storyboard; sourceTree = "<group>"; };
		CDB82A6423093F77002862F1 /* Info.plist */ = {isa = PBXFileReference; lastKnownFileType = text.plist.xml; path = Info.plist; sourceTree = "<group>"; };
		CDB82A6523093F77002862F1 /* main.m */ = {isa = PBXFileReference; lastKnownFileType = sourcecode.c.objc; path = main.m; sourceTree = "<group>"; };
		CDB82A6C23094078002862F1 /* GPUView.h */ = {isa = PBXFileReference; lastKnownFileType = sourcecode.c.h; path = GPUView.h; sourceTree = "<group>"; };
		CDB82A6D23094078002862F1 /* GPUView.m */ = {isa = PBXFileReference; lastKnownFileType = sourcecode.c.objc; path = GPUView.m; sourceTree = "<group>"; };
/* End PBXFileReference section */

/* Begin PBXFrameworksBuildPhase section */
		CDB82A5023093F76002862F1 /* Frameworks */ = {
			isa = PBXFrameworksBuildPhase;
			buildActionMask = 2147483647;
			files = (
			);
			runOnlyForDeploymentPostprocessing = 0;
		};
/* End PBXFrameworksBuildPhase section */

/* Begin PBXGroup section */
		CDB82A4A23093F76002862F1 = {
			isa = PBXGroup;
			children = (
				CDB82A5523093F76002862F1 /* TestGPU_View */,
				CDB82A5423093F76002862F1 /* Products */,
			);
			sourceTree = "<group>";
		};
		CDB82A5423093F76002862F1 /* Products */ = {
			isa = PBXGroup;
			children = (
				CDB82A5323093F76002862F1 /* TestGPU_View.app */,
			);
			name = Products;
			sourceTree = "<group>";
		};
		CDB82A5523093F76002862F1 /* TestGPU_View */ = {
			isa = PBXGroup;
			children = (
				CDB82A5623093F76002862F1 /* AppDelegate.h */,
				CDB82A5723093F76002862F1 /* AppDelegate.m */,
				CDB82A5923093F76002862F1 /* ViewController.h */,
				CDB82A5A23093F76002862F1 /* ViewController.m */,
				CDB82A5C23093F76002862F1 /* Main.storyboard */,
				CDB82A5F23093F77002862F1 /* Assets.xcassets */,
				CDB82A6123093F77002862F1 /* LaunchScreen.storyboard */,
				CDB82A6423093F77002862F1 /* Info.plist */,
				CDB82A6523093F77002862F1 /* main.m */,
				CDB82A6C23094078002862F1 /* GPUView.h */,
				CDB82A6D23094078002862F1 /* GPUView.m */,
			);
			path = TestGPU_View;
			sourceTree = "<group>";
		};
/* End PBXGroup section */

/* Begin PBXNativeTarget section */
		CDB82A5223093F76002862F1 /* TestGPU_View */ = {
			isa = PBXNativeTarget;
			buildConfigurationList = CDB82A6923093F77002862F1 /* Build configuration list for PBXNativeTarget "TestGPU_View" */;
			buildPhases = (
				CDB82A4F23093F76002862F1 /* Sources */,
				CDB82A5023093F76002862F1 /* Frameworks */,
				CDB82A5123093F76002862F1 /* Resources */,
			);
			buildRules = (
			);
			dependencies = (
			);
			name = TestGPU_View;
			productName = TestGPU_View;
			productReference = CDB82A5323093F76002862F1 /* TestGPU_View.app */;
			productType = "com.apple.product-type.application";
		};
/* End PBXNativeTarget section */

/* Begin PBXProject section */
		CDB82A4B23093F76002862F1 /* Project object */ = {
			isa = PBXProject;
			attributes = {
				LastUpgradeCheck = 1020;
				ORGANIZATIONNAME = rex;
				TargetAttributes = {
					CDB82A5223093F76002862F1 = {
						CreatedOnToolsVersion = 10.2.1;
					};
				};
			};
			buildConfigurationList = CDB82A4E23093F76002862F1 /* Build configuration list for PBXProject "TestGPU_View" */;
			compatibilityVersion = "Xcode 9.3";
			developmentRegion = en;
			hasScannedForEncodings = 0;
			knownRegions = (
				en,
				Base,
			);
			mainGroup = CDB82A4A23093F76002862F1;
			productRefGroup = CDB82A5423093F76002862F1 /* Products */;
			projectDirPath = "";
			projectRoot = "";
			targets = (
				CDB82A5223093F76002862F1 /* TestGPU_View */,
			);
		};
/* End PBXProject section */

/* Begin PBXResourcesBuildPhase section */
		CDB82A5123093F76002862F1 /* Resources */ = {
			isa = PBXResourcesBuildPhase;
			buildActionMask = 2147483647;
			files = (
				CDB82A6323093F77002862F1 /* LaunchScreen.storyboard in Resources */,
				CDB82A6023093F77002862F1 /* Assets.xcassets in Resources */,
				CDB82A5E23093F76002862F1 /* Main.storyboard in Resources */,
			);
			runOnlyForDeploymentPostprocessing = 0;
		};
/* End PBXResourcesBuildPhase section */

/* Begin PBXSourcesBuildPhase section */
		CDB82A4F23093F76002862F1 /* Sources */ = {
			isa = PBXSourcesBuildPhase;
			buildActionMask = 2147483647;
			files = (
				CDB82A5B23093F76002862F1 /* ViewController.m in Sources */,
				CDB82A6623093F77002862F1 /* main.m in Sources */,
				CDB82A5823093F76002862F1 /* AppDelegate.m in Sources */,
				CDB82A6E23094078002862F1 /* GPUView.m in Sources */,
			);
			runOnlyForDeploymentPostprocessing = 0;
		};
/* End PBXSourcesBuildPhase section */

/* Begin PBXVariantGroup section */
		CDB82A5C23093F76002862F1 /* Main.storyboard */ = {
			isa = PBXVariantGroup;
			children = (
				CDB82A5D23093F76002862F1 /* Base */,
			);
			name = Main.storyboard;
			sourceTree = "<group>";
		};
		CDB82A6123093F77002862F1 /* LaunchScreen.storyboard */ = {
			isa = PBXVariantGroup;
			children = (
				CDB82A6223093F77002862F1 /* Base */,
			);
			name = LaunchScreen.storyboard;
			sourceTree = "<group>";
		};
/* End PBXVariantGroup section */

/* Begin XCBuildConfiguration section */
		CDB82A6723093F77002862F1 /* Debug */ = {
			isa = XCBuildConfiguration;
			buildSettings = {
				ALWAYS_SEARCH_USER_PATHS = NO;
				CLANG_ANALYZER_NONNULL = YES;
				CLANG_ANALYZER_NUMBER_OBJECT_CONVERSION = YES_AGGRESSIVE;
				CLANG_CXX_LANGUAGE_STANDARD = "gnu++14";
				CLANG_CXX_LIBRARY = "libc++";
				CLANG_ENABLE_MODULES = YES;
				CLANG_ENABLE_OBJC_ARC = YES;
				CLANG_ENABLE_OBJC_WEAK = YES;
				CLANG_WARN_BLOCK_CAPTURE_AUTORELEASING = YES;
				CLANG_WARN_BOOL_CONVERSION = YES;
				CLANG_WARN_COMMA = YES;
				CLANG_WARN_CONSTANT_CONVERSION = YES;
				CLANG_WARN_DEPRECATED_OBJC_IMPLEMENTATIONS = YES;
				CLANG_WARN_DIRECT_OBJC_ISA_USAGE = YES_ERROR;
				CLANG_WARN_DOCUMENTATION_COMMENTS = YES;
				CLANG_WARN_EMPTY_BODY = YES;
				CLANG_WARN_ENUM_CONVERSION = YES;
				CLANG_WARN_INFINITE_RECURSION = YES;
				CLANG_WARN_INT_CONVERSION = YES;
				CLANG_WARN_NON_LITERAL_NULL_CONVERSION = YES;
				CLANG_WARN_OBJC_IMPLICIT_RETAIN_SELF = YES;
				CLANG_WARN_OBJC_LITERAL_CONVERSION = YES;
				CLANG_WARN_OBJC_ROOT_CLASS = YES_ERROR;
				CLANG_WARN_RANGE_LOOP_ANALYSIS = YES;
				CLANG_WARN_STRICT_PROTOTYPES = YES;
				CLANG_WARN_SUSPICIOUS_MOVE = YES;
				CLANG_WARN_UNGUARDED_AVAILABILITY = YES_AGGRESSIVE;
				CLANG_WARN_UNREACHABLE_CODE = YES;
				CLANG_WARN__DUPLICATE_METHOD_MATCH = YES;
				CODE_SIGN_IDENTITY = "iPhone Developer";
				COPY_PHASE_STRIP = NO;
				DEBUG_INFORMATION_FORMAT = dwarf;
				ENABLE_STRICT_OBJC_MSGSEND = YES;
				ENABLE_TESTABILITY = YES;
				GCC_C_LANGUAGE_STANDARD = gnu11;
				GCC_DYNAMIC_NO_PIC = NO;
				GCC_NO_COMMON_BLOCKS = YES;
				GCC_OPTIMIZATION_LEVEL = 0;
				GCC_PREPROCESSOR_DEFINITIONS = (
					"DEBUG=1",
					"$(inherited)",
				);
				GCC_WARN_64_TO_32_BIT_CONVERSION = YES;
				GCC_WARN_ABOUT_RETURN_TYPE = YES_ERROR;
				GCC_WARN_UNDECLARED_SELECTOR = YES;
				GCC_WARN_UNINITIALIZED_AUTOS = YES_AGGRESSIVE;
				GCC_WARN_UNUSED_FUNCTION = YES;
				GCC_WARN_UNUSED_VARIABLE = YES;
				IPHONEOS_DEPLOYMENT_TARGET = 12.2;
				MTL_ENABLE_DEBUG_INFO = INCLUDE_SOURCE;
				MTL_FAST_MATH = YES;
				ONLY_ACTIVE_ARCH = YES;
				SDKROOT = iphoneos;
			};
			name = Debug;
		};
		CDB82A6823093F77002862F1 /* Release */ = {
			isa = XCBuildConfiguration;
			buildSettings = {
				ALWAYS_SEARCH_USER_PATHS = NO;
				CLANG_ANALYZER_NONNULL = YES;
				CLANG_ANALYZER_NUMBER_OBJECT_CONVERSION = YES_AGGRESSIVE;
				CLANG_CXX_LANGUAGE_STANDARD = "gnu++14";
				CLANG_CXX_LIBRARY = "libc++";
				CLANG_ENABLE_MODULES = YES;
				CLANG_ENABLE_OBJC_ARC = YES;
				CLANG_ENABLE_OBJC_WEAK = YES;
				CLANG_WARN_BLOCK_CAPTURE_AUTORELEASING = YES;
				CLANG_WARN_BOOL_CONVERSION = YES;
				CLANG_WARN_COMMA = YES;
				CLANG_WARN_CONSTANT_CONVERSION = YES;
				CLANG_WARN_DEPRECATED_OBJC_IMPLEMENTATIONS = YES;
				CLANG_WARN_DIRECT_OBJC_ISA_USAGE = YES_ERROR;
				CLANG_WARN_DOCUMENTATION_COMMENTS = YES;
				CLANG_WARN_EMPTY_BODY = YES;
				CLANG_WARN_ENUM_CONVERSION = YES;
				CLANG_WARN_INFINITE_RECURSION = YES;
				CLANG_WARN_INT_CONVERSION = YES;
				CLANG_WARN_NON_LITERAL_NULL_CONVERSION = YES;
				CLANG_WARN_OBJC_IMPLICIT_RETAIN_SELF = YES;
				CLANG_WARN_OBJC_LITERAL_CONVERSION = YES;
				CLANG_WARN_OBJC_ROOT_CLASS = YES_ERROR;
				CLANG_WARN_RANGE_LOOP_ANALYSIS = YES;
				CLANG_WARN_STRICT_PROTOTYPES = YES;
				CLANG_WARN_SUSPICIOUS_MOVE = YES;
				CLANG_WARN_UNGUARDED_AVAILABILITY = YES_AGGRESSIVE;
				CLANG_WARN_UNREACHABLE_CODE = YES;
				CLANG_WARN__DUPLICATE_METHOD_MATCH = YES;
				CODE_SIGN_IDENTITY = "iPhone Developer";
				COPY_PHASE_STRIP = NO;
				DEBUG_INFORMATION_FORMAT = "dwarf-with-dsym";
				ENABLE_NS_ASSERTIONS = NO;
				ENABLE_STRICT_OBJC_MSGSEND = YES;
				GCC_C_LANGUAGE_STANDARD = gnu11;
				GCC_NO_COMMON_BLOCKS = YES;
				GCC_WARN_64_TO_32_BIT_CONVERSION = YES;
				GCC_WARN_ABOUT_RETURN_TYPE = YES_ERROR;
				GCC_WARN_UNDECLARED_SELECTOR = YES;
				GCC_WARN_UNINITIALIZED_AUTOS = YES_AGGRESSIVE;
				GCC_WARN_UNUSED_FUNCTION = YES;
				GCC_WARN_UNUSED_VARIABLE = YES;
				IPHONEOS_DEPLOYMENT_TARGET = 12.2;
				MTL_ENABLE_DEBUG_INFO = NO;
				MTL_FAST_MATH = YES;
				SDKROOT = iphoneos;
				VALIDATE_PRODUCT = YES;
			};
			name = Release;
		};
		CDB82A6A23093F77002862F1 /* Debug */ = {
			isa = XCBuildConfiguration;
			buildSettings = {
				ASSETCATALOG_COMPILER_APPICON_NAME = AppIcon;
				CODE_SIGN_STYLE = Automatic;
				DEVELOPMENT_TEAM = V72QYCH5UU;
				INFOPLIST_FILE = TestGPU_View/Info.plist;
				LD_RUNPATH_SEARCH_PATHS = (
					"$(inherited)",
					"@executable_path/Frameworks",
				);
				PRODUCT_BUNDLE_IDENTIFIER = "com.appier.rex.TestGPU-View";
				PRODUCT_NAME = "$(TARGET_NAME)";
				TARGETED_DEVICE_FAMILY = "1,2";
			};
			name = Debug;
		};
		CDB82A6B23093F77002862F1 /* Release */ = {
			isa = XCBuildConfiguration;
			buildSettings = {
				ASSETCATALOG_COMPILER_APPICON_NAME = AppIcon;
				CODE_SIGN_STYLE = Automatic;
				DEVELOPMENT_TEAM = V72QYCH5UU;
				INFOPLIST_FILE = TestGPU_View/Info.plist;
				LD_RUNPATH_SEARCH_PATHS = (
					"$(inherited)",
					"@executable_path/Frameworks",
				);
				PRODUCT_BUNDLE_IDENTIFIER = "com.appier.rex.TestGPU-View";
				PRODUCT_NAME = "$(TARGET_NAME)";
				TARGETED_DEVICE_FAMILY = "1,2";
			};
			name = Release;
		};
/* End XCBuildConfiguration section */

/* Begin XCConfigurationList section */
		CDB82A4E23093F76002862F1 /* Build configuration list for PBXProject "TestGPU_View" */ = {
			isa = XCConfigurationList;
			buildConfigurations = (
				CDB82A6723093F77002862F1 /* Debug */,
				CDB82A6823093F77002862F1 /* Release */,
			);
			defaultConfigurationIsVisible = 0;
			defaultConfigurationName = Release;
		};
		CDB82A6923093F77002862F1 /* Build configuration list for PBXNativeTarget "TestGPU_View" */ = {
			isa = XCConfigurationList;
			buildConfigurations = (
				CDB82A6A23093F77002862F1 /* Debug */,
				CDB82A6B23093F77002862F1 /* Release */,
			);
			defaultConfigurationIsVisible = 0;
			defaultConfigurationName = Release;
		};
/* End XCConfigurationList section */
	};
	rootObject = CDB82A4B23093F76002862F1 /* Project object */;
}
